// !$*UTF8*$!
{
	archiveVersion = 1;
	classes = {
	};
	objectVersion = 50;
	objects = {

/* Begin PBXBuildFile section */
		3358E19F25760E9A00A243E5 /* AppDelegate.swift in Sources */ = {isa = PBXBuildFile; fileRef = 3358E19E25760E9A00A243E5 /* AppDelegate.swift */; };
		3358E1A125760E9A00A243E5 /* SceneDelegate.swift in Sources */ = {isa = PBXBuildFile; fileRef = 3358E1A025760E9A00A243E5 /* SceneDelegate.swift */; };
		3358E1A325760E9A00A243E5 /* OptionSelectionViewController.swift in Sources */ = {isa = PBXBuildFile; fileRef = 3358E1A225760E9A00A243E5 /* OptionSelectionViewController.swift */; };
		3358E1A625760E9A00A243E5 /* Main.storyboard in Resources */ = {isa = PBXBuildFile; fileRef = 3358E1A425760E9A00A243E5 /* Main.storyboard */; };
		3358E1A825760E9D00A243E5 /* Assets.xcassets in Resources */ = {isa = PBXBuildFile; fileRef = 3358E1A725760E9D00A243E5 /* Assets.xcassets */; };
		3358E1AB25760E9D00A243E5 /* LaunchScreen.storyboard in Resources */ = {isa = PBXBuildFile; fileRef = 3358E1A925760E9D00A243E5 /* LaunchScreen.storyboard */; };
		3358E1B625762AB200A243E5 /* UIViewController.swift in Sources */ = {isa = PBXBuildFile; fileRef = 3358E1B525762AB200A243E5 /* UIViewController.swift */; };
		3358E1BC25762CC400A243E5 /* FormViewController.swift in Sources */ = {isa = PBXBuildFile; fileRef = 3358E1BB25762CC400A243E5 /* FormViewController.swift */; };
		3358E1C52576336200A243E5 /* NetworkManager.swift in Sources */ = {isa = PBXBuildFile; fileRef = 3358E1C42576336200A243E5 /* NetworkManager.swift */; };
		3358E1CA2576387100A243E5 /* TaskResponse.swift in Sources */ = {isa = PBXBuildFile; fileRef = 3358E1C92576387100A243E5 /* TaskResponse.swift */; };
		3358E1CD257638DB00A243E5 /* ResultField.swift in Sources */ = {isa = PBXBuildFile; fileRef = 3358E1CC257638DB00A243E5 /* ResultField.swift */; };
		3358E1D02576390D00A243E5 /* Field.swift in Sources */ = {isa = PBXBuildFile; fileRef = 3358E1CF2576390D00A243E5 /* Field.swift */; };
		3358E1D32576392D00A243E5 /* FieldType.swift in Sources */ = {isa = PBXBuildFile; fileRef = 3358E1D22576392D00A243E5 /* FieldType.swift */; };
		3358E1DA257639C100A243E5 /* UIType.swift in Sources */ = {isa = PBXBuildFile; fileRef = 3358E1D9257639C100A243E5 /* UIType.swift */; };
		3358E1DD257639E400A243E5 /* FieldValue.swift in Sources */ = {isa = PBXBuildFile; fileRef = 3358E1DC257639E400A243E5 /* FieldValue.swift */; };
		3358E1E225764A4C00A243E5 /* String.swift in Sources */ = {isa = PBXBuildFile; fileRef = 3358E1E125764A4C00A243E5 /* String.swift */; };
		3358E1E625764DF900A243E5 /* Error.swift in Sources */ = {isa = PBXBuildFile; fileRef = 3358E1E525764DF900A243E5 /* Error.swift */; };
		3358E1E9257650E100A243E5 /* BaseViewController.swift in Sources */ = {isa = PBXBuildFile; fileRef = 3358E1E8257650E100A243E5 /* BaseViewController.swift */; };
		3358E1EF25765FF900A243E5 /* FormCollectionViewCell.swift in Sources */ = {isa = PBXBuildFile; fileRef = 3358E1ED25765FF900A243E5 /* FormCollectionViewCell.swift */; };
		3358E1F025765FF900A243E5 /* FormCollectionViewCell.xib in Resources */ = {isa = PBXBuildFile; fileRef = 3358E1EE25765FF900A243E5 /* FormCollectionViewCell.xib */; };
/* End PBXBuildFile section */

/* Begin PBXFileReference section */
		3358E19B25760E9A00A243E5 /* PayMyBill.app */ = {isa = PBXFileReference; explicitFileType = wrapper.application; includeInIndex = 0; path = PayMyBill.app; sourceTree = BUILT_PRODUCTS_DIR; };
		3358E19E25760E9A00A243E5 /* AppDelegate.swift */ = {isa = PBXFileReference; lastKnownFileType = sourcecode.swift; path = AppDelegate.swift; sourceTree = "<group>"; };
		3358E1A025760E9A00A243E5 /* SceneDelegate.swift */ = {isa = PBXFileReference; lastKnownFileType = sourcecode.swift; path = SceneDelegate.swift; sourceTree = "<group>"; };
		3358E1A225760E9A00A243E5 /* OptionSelectionViewController.swift */ = {isa = PBXFileReference; lastKnownFileType = sourcecode.swift; path = OptionSelectionViewController.swift; sourceTree = "<group>"; };
		3358E1A525760E9A00A243E5 /* Base */ = {isa = PBXFileReference; lastKnownFileType = file.storyboard; name = Base; path = Base.lproj/Main.storyboard; sourceTree = "<group>"; };
		3358E1A725760E9D00A243E5 /* Assets.xcassets */ = {isa = PBXFileReference; lastKnownFileType = folder.assetcatalog; path = Assets.xcassets; sourceTree = "<group>"; };
		3358E1AA25760E9D00A243E5 /* Base */ = {isa = PBXFileReference; lastKnownFileType = file.storyboard; name = Base; path = Base.lproj/LaunchScreen.storyboard; sourceTree = "<group>"; };
		3358E1AC25760E9D00A243E5 /* Info.plist */ = {isa = PBXFileReference; lastKnownFileType = text.plist.xml; path = Info.plist; sourceTree = "<group>"; };
		3358E1B525762AB200A243E5 /* UIViewController.swift */ = {isa = PBXFileReference; lastKnownFileType = sourcecode.swift; path = UIViewController.swift; sourceTree = "<group>"; };
		3358E1BB25762CC400A243E5 /* FormViewController.swift */ = {isa = PBXFileReference; lastKnownFileType = sourcecode.swift; path = FormViewController.swift; sourceTree = "<group>"; };
		3358E1C42576336200A243E5 /* NetworkManager.swift */ = {isa = PBXFileReference; lastKnownFileType = sourcecode.swift; path = NetworkManager.swift; sourceTree = "<group>"; };
		3358E1C92576387100A243E5 /* TaskResponse.swift */ = {isa = PBXFileReference; lastKnownFileType = sourcecode.swift; path = TaskResponse.swift; sourceTree = "<group>"; };
		3358E1CC257638DB00A243E5 /* ResultField.swift */ = {isa = PBXFileReference; lastKnownFileType = sourcecode.swift; path = ResultField.swift; sourceTree = "<group>"; };
		3358E1CF2576390D00A243E5 /* Field.swift */ = {isa = PBXFileReference; lastKnownFileType = sourcecode.swift; path = Field.swift; sourceTree = "<group>"; };
		3358E1D22576392D00A243E5 /* FieldType.swift */ = {isa = PBXFileReference; lastKnownFileType = sourcecode.swift; path = FieldType.swift; sourceTree = "<group>"; };
		3358E1D9257639C100A243E5 /* UIType.swift */ = {isa = PBXFileReference; lastKnownFileType = sourcecode.swift; path = UIType.swift; sourceTree = "<group>"; };
		3358E1DC257639E400A243E5 /* FieldValue.swift */ = {isa = PBXFileReference; lastKnownFileType = sourcecode.swift; path = FieldValue.swift; sourceTree = "<group>"; };
		3358E1E125764A4C00A243E5 /* String.swift */ = {isa = PBXFileReference; lastKnownFileType = sourcecode.swift; path = String.swift; sourceTree = "<group>"; };
		3358E1E525764DF900A243E5 /* Error.swift */ = {isa = PBXFileReference; lastKnownFileType = sourcecode.swift; path = Error.swift; sourceTree = "<group>"; };
		3358E1E8257650E100A243E5 /* BaseViewController.swift */ = {isa = PBXFileReference; lastKnownFileType = sourcecode.swift; path = BaseViewController.swift; sourceTree = "<group>"; };
		3358E1ED25765FF900A243E5 /* FormCollectionViewCell.swift */ = {isa = PBXFileReference; lastKnownFileType = sourcecode.swift; path = FormCollectionViewCell.swift; sourceTree = "<group>"; };
		3358E1EE25765FF900A243E5 /* FormCollectionViewCell.xib */ = {isa = PBXFileReference; lastKnownFileType = file.xib; path = FormCollectionViewCell.xib; sourceTree = "<group>"; };
/* End PBXFileReference section */

/* Begin PBXFrameworksBuildPhase section */
		3358E19825760E9900A243E5 /* Frameworks */ = {
			isa = PBXFrameworksBuildPhase;
			buildActionMask = 2147483647;
			files = (
			);
			runOnlyForDeploymentPostprocessing = 0;
		};
/* End PBXFrameworksBuildPhase section */

/* Begin PBXGroup section */
		3358E19225760E9900A243E5 = {
			isa = PBXGroup;
			children = (
				3358E19D25760E9A00A243E5 /* PayMyBill */,
				3358E19C25760E9A00A243E5 /* Products */,
			);
			sourceTree = "<group>";
		};
		3358E19C25760E9A00A243E5 /* Products */ = {
			isa = PBXGroup;
			children = (
				3358E19B25760E9A00A243E5 /* PayMyBill.app */,
			);
			name = Products;
			sourceTree = "<group>";
		};
		3358E19D25760E9A00A243E5 /* PayMyBill */ = {
			isa = PBXGroup;
			children = (
				3358E1EB25765FC800A243E5 /* Custom Views */,
				3358E1C82576385E00A243E5 /* Models */,
				3358E1C32576335900A243E5 /* Utilities */,
				3358E1B925762C9000A243E5 /* ViewControllers */,
				3358E1B425762AA300A243E5 /* Extensions */,
				3358E19E25760E9A00A243E5 /* AppDelegate.swift */,
				3358E1A025760E9A00A243E5 /* SceneDelegate.swift */,
				3358E1A425760E9A00A243E5 /* Main.storyboard */,
				3358E1A725760E9D00A243E5 /* Assets.xcassets */,
				3358E1A925760E9D00A243E5 /* LaunchScreen.storyboard */,
				3358E1AC25760E9D00A243E5 /* Info.plist */,
			);
			path = PayMyBill;
			sourceTree = "<group>";
		};
		3358E1B425762AA300A243E5 /* Extensions */ = {
			isa = PBXGroup;
			children = (
				3358E1B525762AB200A243E5 /* UIViewController.swift */,
				3358E1E125764A4C00A243E5 /* String.swift */,
				3358E1E525764DF900A243E5 /* Error.swift */,
			);
			path = Extensions;
			sourceTree = "<group>";
		};
		3358E1B925762C9000A243E5 /* ViewControllers */ = {
			isa = PBXGroup;
			children = (
				3358E1A225760E9A00A243E5 /* OptionSelectionViewController.swift */,
				3358E1BB25762CC400A243E5 /* FormViewController.swift */,
				3358E1E8257650E100A243E5 /* BaseViewController.swift */,
			);
			path = ViewControllers;
			sourceTree = "<group>";
		};
		3358E1C32576335900A243E5 /* Utilities */ = {
			isa = PBXGroup;
			children = (
				3358E1C42576336200A243E5 /* NetworkManager.swift */,
			);
			path = Utilities;
			sourceTree = "<group>";
		};
		3358E1C82576385E00A243E5 /* Models */ = {
			isa = PBXGroup;
			children = (
				3358E1C92576387100A243E5 /* TaskResponse.swift */,
				3358E1CC257638DB00A243E5 /* ResultField.swift */,
				3358E1CF2576390D00A243E5 /* Field.swift */,
				3358E1D9257639C100A243E5 /* UIType.swift */,
				3358E1DC257639E400A243E5 /* FieldValue.swift */,
				3358E1D22576392D00A243E5 /* FieldType.swift */,
			);
			path = Models;
			sourceTree = "<group>";
		};
		3358E1EB25765FC800A243E5 /* Custom Views */ = {
			isa = PBXGroup;
			children = (
				3358E1EC25765FD500A243E5 /* FormCollectionViewCell */,
			);
			path = "Custom Views";
			sourceTree = "<group>";
		};
		3358E1EC25765FD500A243E5 /* FormCollectionViewCell */ = {
			isa = PBXGroup;
			children = (
				3358E1ED25765FF900A243E5 /* FormCollectionViewCell.swift */,
				3358E1EE25765FF900A243E5 /* FormCollectionViewCell.xib */,
			);
			path = FormCollectionViewCell;
			sourceTree = "<group>";
		};
/* End PBXGroup section */

/* Begin PBXNativeTarget section */
		3358E19A25760E9900A243E5 /* PayMyBill */ = {
			isa = PBXNativeTarget;
			buildConfigurationList = 3358E1AF25760E9D00A243E5 /* Build configuration list for PBXNativeTarget "PayMyBill" */;
			buildPhases = (
				3358E19725760E9900A243E5 /* Sources */,
				3358E19825760E9900A243E5 /* Frameworks */,
				3358E19925760E9900A243E5 /* Resources */,
			);
			buildRules = (
			);
			dependencies = (
			);
			name = PayMyBill;
			productName = PayMyBill;
			productReference = 3358E19B25760E9A00A243E5 /* PayMyBill.app */;
			productType = "com.apple.product-type.application";
		};
/* End PBXNativeTarget section */

/* Begin PBXProject section */
		3358E19325760E9900A243E5 /* Project object */ = {
			isa = PBXProject;
			attributes = {
				LastSwiftUpdateCheck = 1220;
				LastUpgradeCheck = 1220;
				TargetAttributes = {
					3358E19A25760E9900A243E5 = {
						CreatedOnToolsVersion = 12.2;
					};
				};
			};
			buildConfigurationList = 3358E19625760E9900A243E5 /* Build configuration list for PBXProject "PayMyBill" */;
			compatibilityVersion = "Xcode 9.3";
			developmentRegion = en;
			hasScannedForEncodings = 0;
			knownRegions = (
				en,
				Base,
			);
			mainGroup = 3358E19225760E9900A243E5;
			productRefGroup = 3358E19C25760E9A00A243E5 /* Products */;
			projectDirPath = "";
			projectRoot = "";
			targets = (
				3358E19A25760E9900A243E5 /* PayMyBill */,
			);
		};
/* End PBXProject section */

/* Begin PBXResourcesBuildPhase section */
		3358E19925760E9900A243E5 /* Resources */ = {
			isa = PBXResourcesBuildPhase;
			buildActionMask = 2147483647;
			files = (
				3358E1AB25760E9D00A243E5 /* LaunchScreen.storyboard in Resources */,
				3358E1A825760E9D00A243E5 /* Assets.xcassets in Resources */,
				3358E1F025765FF900A243E5 /* FormCollectionViewCell.xib in Resources */,
				3358E1A625760E9A00A243E5 /* Main.storyboard in Resources */,
			);
			runOnlyForDeploymentPostprocessing = 0;
		};
/* End PBXResourcesBuildPhase section */

/* Begin PBXSourcesBuildPhase section */
		3358E19725760E9900A243E5 /* Sources */ = {
			isa = PBXSourcesBuildPhase;
			buildActionMask = 2147483647;
			files = (
				3358E1C52576336200A243E5 /* NetworkManager.swift in Sources */,
				3358E1A325760E9A00A243E5 /* OptionSelectionViewController.swift in Sources */,
				3358E1EF25765FF900A243E5 /* FormCollectionViewCell.swift in Sources */,
				3358E19F25760E9A00A243E5 /* AppDelegate.swift in Sources */,
				3358E1E225764A4C00A243E5 /* String.swift in Sources */,
				3358E1B625762AB200A243E5 /* UIViewController.swift in Sources */,
				3358E1E9257650E100A243E5 /* BaseViewController.swift in Sources */,
				3358E1CA2576387100A243E5 /* TaskResponse.swift in Sources */,
				3358E1DA257639C100A243E5 /* UIType.swift in Sources */,
				3358E1D02576390D00A243E5 /* Field.swift in Sources */,
				3358E1D32576392D00A243E5 /* FieldType.swift in Sources */,
				3358E1DD257639E400A243E5 /* FieldValue.swift in Sources */,
				3358E1BC25762CC400A243E5 /* FormViewController.swift in Sources */,
				3358E1A125760E9A00A243E5 /* SceneDelegate.swift in Sources */,
				3358E1E625764DF900A243E5 /* Error.swift in Sources */,
				3358E1CD257638DB00A243E5 /* ResultField.swift in Sources */,
			);
			runOnlyForDeploymentPostprocessing = 0;
		};
/* End PBXSourcesBuildPhase section */

/* Begin PBXVariantGroup section */
		3358E1A425760E9A00A243E5 /* Main.storyboard */ = {
			isa = PBXVariantGroup;
			children = (
				3358E1A525760E9A00A243E5 /* Base */,
			);
			name = Main.storyboard;
			sourceTree = "<group>";
		};
		3358E1A925760E9D00A243E5 /* LaunchScreen.storyboard */ = {
			isa = PBXVariantGroup;
			children = (
				3358E1AA25760E9D00A243E5 /* Base */,
			);
			name = LaunchScreen.storyboard;
			sourceTree = "<group>";
		};
/* End PBXVariantGroup section */

/* Begin XCBuildConfiguration section */
		3358E1AD25760E9D00A243E5 /* Debug */ = {
			isa = XCBuildConfiguration;
			buildSettings = {
				ALWAYS_SEARCH_USER_PATHS = NO;
				CLANG_ANALYZER_NONNULL = YES;
				CLANG_ANALYZER_NUMBER_OBJECT_CONVERSION = YES_AGGRESSIVE;
				CLANG_CXX_LANGUAGE_STANDARD = "gnu++14";
				CLANG_CXX_LIBRARY = "libc++";
				CLANG_ENABLE_MODULES = YES;
				CLANG_ENABLE_OBJC_ARC = YES;
				CLANG_ENABLE_OBJC_WEAK = YES;
				CLANG_WARN_BLOCK_CAPTURE_AUTORELEASING = YES;
				CLANG_WARN_BOOL_CONVERSION = YES;
				CLANG_WARN_COMMA = YES;
				CLANG_WARN_CONSTANT_CONVERSION = YES;
				CLANG_WARN_DEPRECATED_OBJC_IMPLEMENTATIONS = YES;
				CLANG_WARN_DIRECT_OBJC_ISA_USAGE = YES_ERROR;
				CLANG_WARN_DOCUMENTATION_COMMENTS = YES;
				CLANG_WARN_EMPTY_BODY = YES;
				CLANG_WARN_ENUM_CONVERSION = YES;
				CLANG_WARN_INFINITE_RECURSION = YES;
				CLANG_WARN_INT_CONVERSION = YES;
				CLANG_WARN_NON_LITERAL_NULL_CONVERSION = YES;
				CLANG_WARN_OBJC_IMPLICIT_RETAIN_SELF = YES;
				CLANG_WARN_OBJC_LITERAL_CONVERSION = YES;
				CLANG_WARN_OBJC_ROOT_CLASS = YES_ERROR;
				CLANG_WARN_QUOTED_INCLUDE_IN_FRAMEWORK_HEADER = YES;
				CLANG_WARN_RANGE_LOOP_ANALYSIS = YES;
				CLANG_WARN_STRICT_PROTOTYPES = YES;
				CLANG_WARN_SUSPICIOUS_MOVE = YES;
				CLANG_WARN_UNGUARDED_AVAILABILITY = YES_AGGRESSIVE;
				CLANG_WARN_UNREACHABLE_CODE = YES;
				CLANG_WARN__DUPLICATE_METHOD_MATCH = YES;
				COPY_PHASE_STRIP = NO;
				DEBUG_INFORMATION_FORMAT = dwarf;
				ENABLE_STRICT_OBJC_MSGSEND = YES;
				ENABLE_TESTABILITY = YES;
				GCC_C_LANGUAGE_STANDARD = gnu11;
				GCC_DYNAMIC_NO_PIC = NO;
				GCC_NO_COMMON_BLOCKS = YES;
				GCC_OPTIMIZATION_LEVEL = 0;
				GCC_PREPROCESSOR_DEFINITIONS = (
					"DEBUG=1",
					"$(inherited)",
				);
				GCC_WARN_64_TO_32_BIT_CONVERSION = YES;
				GCC_WARN_ABOUT_RETURN_TYPE = YES_ERROR;
				GCC_WARN_UNDECLARED_SELECTOR = YES;
				GCC_WARN_UNINITIALIZED_AUTOS = YES_AGGRESSIVE;
				GCC_WARN_UNUSED_FUNCTION = YES;
				GCC_WARN_UNUSED_VARIABLE = YES;
				IPHONEOS_DEPLOYMENT_TARGET = 14.2;
				MTL_ENABLE_DEBUG_INFO = INCLUDE_SOURCE;
				MTL_FAST_MATH = YES;
				ONLY_ACTIVE_ARCH = YES;
				SDKROOT = iphoneos;
				SWIFT_ACTIVE_COMPILATION_CONDITIONS = DEBUG;
				SWIFT_OPTIMIZATION_LEVEL = "-Onone";
			};
			name = Debug;
		};
		3358E1AE25760E9D00A243E5 /* Release */ = {
			isa = XCBuildConfiguration;
			buildSettings = {
				ALWAYS_SEARCH_USER_PATHS = NO;
				CLANG_ANALYZER_NONNULL = YES;
				CLANG_ANALYZER_NUMBER_OBJECT_CONVERSION = YES_AGGRESSIVE;
				CLANG_CXX_LANGUAGE_STANDARD = "gnu++14";
				CLANG_CXX_LIBRARY = "libc++";
				CLANG_ENABLE_MODULES = YES;
				CLANG_ENABLE_OBJC_ARC = YES;
				CLANG_ENABLE_OBJC_WEAK = YES;
				CLANG_WARN_BLOCK_CAPTURE_AUTORELEASING = YES;
				CLANG_WARN_BOOL_CONVERSION = YES;
				CLANG_WARN_COMMA = YES;
				CLANG_WARN_CONSTANT_CONVERSION = YES;
				CLANG_WARN_DEPRECATED_OBJC_IMPLEMENTATIONS = YES;
				CLANG_WARN_DIRECT_OBJC_ISA_USAGE = YES_ERROR;
				CLANG_WARN_DOCUMENTATION_COMMENTS = YES;
				CLANG_WARN_EMPTY_BODY = YES;
				CLANG_WARN_ENUM_CONVERSION = YES;
				CLANG_WARN_INFINITE_RECURSION = YES;
				CLANG_WARN_INT_CONVERSION = YES;
				CLANG_WARN_NON_LITERAL_NULL_CONVERSION = YES;
				CLANG_WARN_OBJC_IMPLICIT_RETAIN_SELF = YES;
				CLANG_WARN_OBJC_LITERAL_CONVERSION = YES;
				CLANG_WARN_OBJC_ROOT_CLASS = YES_ERROR;
				CLANG_WARN_QUOTED_INCLUDE_IN_FRAMEWORK_HEADER = YES;
				CLANG_WARN_RANGE_LOOP_ANALYSIS = YES;
				CLANG_WARN_STRICT_PROTOTYPES = YES;
				CLANG_WARN_SUSPICIOUS_MOVE = YES;
				CLANG_WARN_UNGUARDED_AVAILABILITY = YES_AGGRESSIVE;
				CLANG_WARN_UNREACHABLE_CODE = YES;
				CLANG_WARN__DUPLICATE_METHOD_MATCH = YES;
				COPY_PHASE_STRIP = NO;
				DEBUG_INFORMATION_FORMAT = "dwarf-with-dsym";
				ENABLE_NS_ASSERTIONS = NO;
				ENABLE_STRICT_OBJC_MSGSEND = YES;
				GCC_C_LANGUAGE_STANDARD = gnu11;
				GCC_NO_COMMON_BLOCKS = YES;
				GCC_WARN_64_TO_32_BIT_CONVERSION = YES;
				GCC_WARN_ABOUT_RETURN_TYPE = YES_ERROR;
				GCC_WARN_UNDECLARED_SELECTOR = YES;
				GCC_WARN_UNINITIALIZED_AUTOS = YES_AGGRESSIVE;
				GCC_WARN_UNUSED_FUNCTION = YES;
				GCC_WARN_UNUSED_VARIABLE = YES;
				IPHONEOS_DEPLOYMENT_TARGET = 14.2;
				MTL_ENABLE_DEBUG_INFO = NO;
				MTL_FAST_MATH = YES;
				SDKROOT = iphoneos;
				SWIFT_COMPILATION_MODE = wholemodule;
				SWIFT_OPTIMIZATION_LEVEL = "-O";
				VALIDATE_PRODUCT = YES;
			};
			name = Release;
		};
		3358E1B025760E9D00A243E5 /* Debug */ = {
			isa = XCBuildConfiguration;
			buildSettings = {
				ASSETCATALOG_COMPILER_APPICON_NAME = AppIcon;
				ASSETCATALOG_COMPILER_GLOBAL_ACCENT_COLOR_NAME = AccentColor;
				CODE_SIGN_STYLE = Automatic;
				DEVELOPMENT_TEAM = 4A9G74U4RU;
				INFOPLIST_FILE = PayMyBill/Info.plist;
				LD_RUNPATH_SEARCH_PATHS = (
					"$(inherited)",
					"@executable_path/Frameworks",
				);
				PRODUCT_BUNDLE_IDENTIFIER = np.com.sagunrajlage.PayMyBill;
				PRODUCT_NAME = "$(TARGET_NAME)";
				SWIFT_VERSION = 5.0;
				TARGETED_DEVICE_FAMILY = "1,2";
			};
			name = Debug;
		};
		3358E1B125760E9D00A243E5 /* Release */ = {
			isa = XCBuildConfiguration;
			buildSettings = {
				ASSETCATALOG_COMPILER_APPICON_NAME = AppIcon;
				ASSETCATALOG_COMPILER_GLOBAL_ACCENT_COLOR_NAME = AccentColor;
				CODE_SIGN_STYLE = Automatic;
				DEVELOPMENT_TEAM = 4A9G74U4RU;
				INFOPLIST_FILE = PayMyBill/Info.plist;
				LD_RUNPATH_SEARCH_PATHS = (
					"$(inherited)",
					"@executable_path/Frameworks",
				);
				PRODUCT_BUNDLE_IDENTIFIER = np.com.sagunrajlage.PayMyBill;
				PRODUCT_NAME = "$(TARGET_NAME)";
				SWIFT_VERSION = 5.0;
				TARGETED_DEVICE_FAMILY = "1,2";
			};
			name = Release;
		};
/* End XCBuildConfiguration section */

/* Begin XCConfigurationList section */
		3358E19625760E9900A243E5 /* Build configuration list for PBXProject "PayMyBill" */ = {
			isa = XCConfigurationList;
			buildConfigurations = (
				3358E1AD25760E9D00A243E5 /* Debug */,
				3358E1AE25760E9D00A243E5 /* Release */,
			);
			defaultConfigurationIsVisible = 0;
			defaultConfigurationName = Release;
		};
		3358E1AF25760E9D00A243E5 /* Build configuration list for PBXNativeTarget "PayMyBill" */ = {
			isa = XCConfigurationList;
			buildConfigurations = (
				3358E1B025760E9D00A243E5 /* Debug */,
				3358E1B125760E9D00A243E5 /* Release */,
			);
			defaultConfigurationIsVisible = 0;
			defaultConfigurationName = Release;
		};
/* End XCConfigurationList section */
	};
	rootObject = 3358E19325760E9900A243E5 /* Project object */;
}
